{
  "version": "2",
  "remote": {
    "https://deno.land/std@0.185.0/collections/distinct.ts": "5f9671702ace8bc0ca59237554e6d7509b08899338ce6f990d146d26538339ea",
    "https://deno.land/std@0.185.0/collections/filter_values.ts": "5b9feaf17b9a6e5ffccdd36cf6f38fa4ffa94cff2602d381c2ad0c2a97929652",
    "https://deno.land/std@0.185.0/collections/without_all.ts": "a89f5da0b5830defed4f59666e188df411d8fece35a5f6ca69be6ca71a95c185",
    "https://deno.land/std@0.185.0/dotenv/load.ts": "0636983549b98f29ab75c9a22a42d9723f0a389ece5498fe971e7bb2556a12e2",
    "https://deno.land/std@0.185.0/dotenv/mod.ts": "f5a8123741d1561ae8184a7f043bc097b15132c5171c651142b804b6dbc21853"
  },
  "npm": {
    "specifiers": {
      "nostr-tools": "nostr-tools@1.10.1"
    },
    "packages": {
      "@noble/hashes@1.2.0": {
        "integrity": "sha512-FZfhjEDbT5GRswV3C6uvLPHMiVD6lQBmpoX5+eSiPaMTXte/IKqI5dykDxzZB/WBeK/CDuQRBWarPdi3FNY2zQ==",
        "dependencies": {}
      },
      "@noble/secp256k1@1.7.1": {
        "integrity": "sha512-hOUk6AyBFmqVrv7k5WAw/LpszxVbj9gGN4JRkIX52fdFAj1UA61KXmZDvqVEm+pOyec3+fIeZB02LYa/pWOArw==",
        "dependencies": {}
      },
      "@scure/base@1.1.1": {
        "integrity": "sha512-ZxOhsSyxYwLJj3pLZCefNitxsj093tb2vq90mp2txoYeBqbcjDjqFhyM8eUjq/uFm6zJ+mUuqxlS2FkuSY1MTA==",
        "dependencies": {}
      },
      "@scure/bip32@1.1.4": {
        "integrity": "sha512-m925ACYK0wPELsF7Z/VdLGmKj1StIeHraPMYB9xiAFiq/PnvqWd/99I0TQ2OZhjjlMDsDJeZlyXMWi0beaA7NA==",
        "dependencies": {
          "@noble/hashes": "@noble/hashes@1.2.0",
          "@noble/secp256k1": "@noble/secp256k1@1.7.1",
          "@scure/base": "@scure/base@1.1.1"
        }
      },
      "@scure/bip39@1.1.1": {
        "integrity": "sha512-t+wDck2rVkh65Hmv280fYdVdY25J9YeEUIgn2LG1WM6gxFkGzcksoDiUkWVpVp3Oex9xGC68JU2dSbUfwZ2jPg==",
        "dependencies": {
          "@noble/hashes": "@noble/hashes@1.2.0",
          "@scure/base": "@scure/base@1.1.1"
        }
      },
      "nostr-tools@1.10.1": {
        "integrity": "sha512-zgTYJeuZQ3CDASsmBEcB5i6V6l0IaA6cjnll6OVik3FoZcvbCaL7yP8I40hYnOIi3KlJykV7jEF9fn8h1NzMnA==",
        "dependencies": {
          "@noble/hashes": "@noble/hashes@1.2.0",
          "@noble/secp256k1": "@noble/secp256k1@1.7.1",
          "@scure/base": "@scure/base@1.1.1",
          "@scure/bip32": "@scure/bip32@1.1.4",
          "@scure/bip39": "@scure/bip39@1.1.1"
        }
      }
    }
  }
}
